
Microsoft Visual Studio Solution File, Format Version 12.00
# Visual Studio 2013
VisualStudioVersion = 12.0.21005.1
MinimumVisualStudioVersion = 10.0.40219.1
Project("{FAE04EC0-301F-11D3-BF4B-00C04F79EFBC}") = "Microsoft.ConnectTheDots.GatewayService", "WindowsService\Microsoft.ConnectTheDots.GatewayService.csproj", "{38A27FC0-2864-49A8-BDA3-D7E22D276B29}"
EndProject
Project("{FAE04EC0-301F-11D3-BF4B-00C04F79EFBC}") = "CoreTest", "Tests\CoreTest\CoreTest.csproj", "{CA90B613-C4D6-4011-BC6B-CCC8DE62DAC0}"
EndProject
Project("{2150E333-8FDC-42A3-9474-1A3956D46DE8}") = "Tests", "Tests", "{74BF7EFF-11AD-4587-9C35-9419831D1116}"
EndProject
Project("{FAE04EC0-301F-11D3-BF4B-00C04F79EFBC}") = "Microsoft.ConnectTheDots.Gateway", "Gateway\Microsoft.ConnectTheDots.Gateway.csproj", "{E14D1C61-1979-452E-BE8B-0303A95EF764}"
EndProject
Project("{FAE04EC0-301F-11D3-BF4B-00C04F79EFBC}") = "BatchSenderThreadTest", "Tests\BatchSenderThreadTest\BatchSenderThreadTest.csproj", "{8279853A-07AE-4AF8-BC5F-FCD1696ABB4D}"
EndProject
Project("{2150E333-8FDC-42A3-9474-1A3956D46DE8}") = "DeviceAdapters", "DeviceAdapters", "{5094CC44-E8F8-4472-8042-BE7E78899225}"
EndProject
Project("{FAE04EC0-301F-11D3-BF4B-00C04F79EFBC}") = "SocketServiceDeviceMock", "Tests\SocketServiceDeviceMock\SocketServiceDeviceMock.csproj", "{91C31E86-7DDB-4C29-8A65-56596478013C}"
EndProject
Project("{2150E333-8FDC-42A3-9474-1A3956D46DE8}") = "Scripts", "Scripts", "{A5D7B51F-689A-4BB1-AE4C-7C12F4B443FA}"
EndProject
Project("{FAE04EC0-301F-11D3-BF4B-00C04F79EFBC}") = "Microsoft.ConnectTheDots.ServiceMonitor", "ServiceMonitor\Microsoft.ConnectTheDots.ServiceMonitor.csproj", "{7DB057F5-2B79-4822-9A3F-1B7F30EB552F}"
EndProject
Project("{2150E333-8FDC-42A3-9474-1A3956D46DE8}") = "Gateway", "Gateway", "{048641FD-5970-4D79-9DA2-07CDCD9FAC43}"
EndProject
Project("{2150E333-8FDC-42A3-9474-1A3956D46DE8}") = "RaspberryPi", "RaspberryPi", "{86E795DC-E649-4739-BB0D-4D8EC7D49E12}"
	ProjectSection(SolutionItems) = preProject
		Scripts\RaspberryPi\autorun_install.sh = Scripts\RaspberryPi\autorun_install.sh
		Scripts\RaspberryPi\certificate_update.sh = Scripts\RaspberryPi\certificate_update.sh
		Scripts\RaspberryPi\deploy.cmd = Scripts\RaspberryPi\deploy.cmd
		Scripts\RaspberryPi\deploy_and_start_ctd_on_boot.sh = Scripts\RaspberryPi\deploy_and_start_ctd_on_boot.sh
		Scripts\RaspberryPi\kill_all.sh = Scripts\RaspberryPi\kill_all.sh
	EndProjectSection
EndProject
Project("{FAE04EC0-301F-11D3-BF4B-00C04F79EFBC}") = "SerialPortAdapter", "DeviceAdapters\SerialPort\SerialPortAdapter.csproj", "{A7B77408-0DBA-4384-A31A-404187CAEC89}"
EndProject
Project("{FAE04EC0-301F-11D3-BF4B-00C04F79EFBC}") = "SocketAdapter", "DeviceAdapters\Socket\SocketAdapter.csproj", "{9D9DA1EB-90DA-4FC0-A97F-C650201DD994}"
EndProject
Project("{FAE04EC0-301F-11D3-BF4B-00C04F79EFBC}") = "BluetoothAdapter", "DeviceAdapters\Bluetooth\BluetoothAdapter.csproj", "{A49E31A1-79DC-4B05-AE48-2B594E168EB9}"
EndProject
Project("{FAE04EC0-301F-11D3-BF4B-00C04F79EFBC}") = "Microsoft.ConnectTheDots.Common", "Common\Microsoft.ConnectTheDots.Common.csproj", "{96FEDA4B-C7E0-4DDB-AD3A-BFF2FD8D973D}"
EndProject
Project("{FAE04EC0-301F-11D3-BF4B-00C04F79EFBC}") = "DeviceAdapterTestMock", "Tests\DeviceAdapterTestMock\DeviceAdapterTestMock.csproj", "{756AB4B0-BC00-4297-A4F0-3DB40B7E2181}"
EndProject
Project("{FAE04EC0-301F-11D3-BF4B-00C04F79EFBC}") = "ScriptConverter", "Scripts\ScriptConverter\ScriptConverter.csproj", "{8D4BB859-6779-4D53-86C6-79712956A772}"
EndProject
Project("{FAE04EC0-301F-11D3-BF4B-00C04F79EFBC}") = "Microsoft.ConnectTheDots.GatewayExe", "WindowsEXE\Microsoft.ConnectTheDots.GatewayExe.csproj", "{4C8A147E-13D2-4D6E-83F3-55791B6FF6DC}"
EndProject
Project("{2150E333-8FDC-42A3-9474-1A3956D46DE8}") = "Setup", "Setup", "{406E3AC9-A86B-4857-B6FF-C6033EDF8EF3}"
EndProject
Project("{930C7802-8A8C-48F9-8165-68863BCCD9DD}") = "WindowsExeSetup", "Setup\WindowsExeSetup\WindowsExeSetup.wixproj", "{CD583705-1033-4D51-B613-07295C56DF57}"
EndProject
Project("{930C7802-8A8C-48F9-8165-68863BCCD9DD}") = "WindowsServiceSetup", "Setup\WindowsServiceSetup\WindowsServiceSetup.wixproj", "{F7630E5C-40A9-44F4-A6D4-49AE731F4A38}"
EndProject
Global
	GlobalSection(SolutionConfigurationPlatforms) = preSolution
		Debug|Any CPU = Debug|Any CPU
		Debug|Mixed Platforms = Debug|Mixed Platforms
		Debug|x86 = Debug|x86
		Release|Any CPU = Release|Any CPU
		Release|Mixed Platforms = Release|Mixed Platforms
		Release|x86 = Release|x86
	EndGlobalSection
	GlobalSection(ProjectConfigurationPlatforms) = postSolution
		{38A27FC0-2864-49A8-BDA3-D7E22D276B29}.Debug|Any CPU.ActiveCfg = Debug|Any CPU
		{38A27FC0-2864-49A8-BDA3-D7E22D276B29}.Debug|Any CPU.Build.0 = Debug|Any CPU
		{38A27FC0-2864-49A8-BDA3-D7E22D276B29}.Debug|Mixed Platforms.ActiveCfg = Debug|Any CPU
		{38A27FC0-2864-49A8-BDA3-D7E22D276B29}.Debug|Mixed Platforms.Build.0 = Debug|Any CPU
		{38A27FC0-2864-49A8-BDA3-D7E22D276B29}.Debug|x86.ActiveCfg = Debug|Any CPU
		{38A27FC0-2864-49A8-BDA3-D7E22D276B29}.Release|Any CPU.ActiveCfg = Release|Any CPU
		{38A27FC0-2864-49A8-BDA3-D7E22D276B29}.Release|Any CPU.Build.0 = Release|Any CPU
		{38A27FC0-2864-49A8-BDA3-D7E22D276B29}.Release|Mixed Platforms.ActiveCfg = Release|Any CPU
		{38A27FC0-2864-49A8-BDA3-D7E22D276B29}.Release|Mixed Platforms.Build.0 = Release|Any CPU
		{38A27FC0-2864-49A8-BDA3-D7E22D276B29}.Release|x86.ActiveCfg = Release|Any CPU
		{CA90B613-C4D6-4011-BC6B-CCC8DE62DAC0}.Debug|Any CPU.ActiveCfg = Debug|Any CPU
		{CA90B613-C4D6-4011-BC6B-CCC8DE62DAC0}.Debug|Any CPU.Build.0 = Debug|Any CPU
		{CA90B613-C4D6-4011-BC6B-CCC8DE62DAC0}.Debug|Mixed Platforms.ActiveCfg = Debug|Any CPU
		{CA90B613-C4D6-4011-BC6B-CCC8DE62DAC0}.Debug|Mixed Platforms.Build.0 = Debug|Any CPU
		{CA90B613-C4D6-4011-BC6B-CCC8DE62DAC0}.Debug|x86.ActiveCfg = Debug|Any CPU
		{CA90B613-C4D6-4011-BC6B-CCC8DE62DAC0}.Release|Any CPU.ActiveCfg = Release|Any CPU
		{CA90B613-C4D6-4011-BC6B-CCC8DE62DAC0}.Release|Any CPU.Build.0 = Release|Any CPU
		{CA90B613-C4D6-4011-BC6B-CCC8DE62DAC0}.Release|Mixed Platforms.ActiveCfg = Release|Any CPU
		{CA90B613-C4D6-4011-BC6B-CCC8DE62DAC0}.Release|Mixed Platforms.Build.0 = Release|Any CPU
		{CA90B613-C4D6-4011-BC6B-CCC8DE62DAC0}.Release|x86.ActiveCfg = Release|Any CPU
		{E14D1C61-1979-452E-BE8B-0303A95EF764}.Debug|Any CPU.ActiveCfg = Debug|Any CPU
		{E14D1C61-1979-452E-BE8B-0303A95EF764}.Debug|Any CPU.Build.0 = Debug|Any CPU
		{E14D1C61-1979-452E-BE8B-0303A95EF764}.Debug|Mixed Platforms.ActiveCfg = Debug|Any CPU
		{E14D1C61-1979-452E-BE8B-0303A95EF764}.Debug|Mixed Platforms.Build.0 = Debug|Any CPU
		{E14D1C61-1979-452E-BE8B-0303A95EF764}.Debug|x86.ActiveCfg = Debug|Any CPU
		{E14D1C61-1979-452E-BE8B-0303A95EF764}.Release|Any CPU.ActiveCfg = Release|Any CPU
		{E14D1C61-1979-452E-BE8B-0303A95EF764}.Release|Any CPU.Build.0 = Release|Any CPU
		{E14D1C61-1979-452E-BE8B-0303A95EF764}.Release|Mixed Platforms.ActiveCfg = Release|Any CPU
		{E14D1C61-1979-452E-BE8B-0303A95EF764}.Release|Mixed Platforms.Build.0 = Release|Any CPU
		{E14D1C61-1979-452E-BE8B-0303A95EF764}.Release|x86.ActiveCfg = Release|Any CPU
		{8279853A-07AE-4AF8-BC5F-FCD1696ABB4D}.Debug|Any CPU.ActiveCfg = Debug|Any CPU
		{8279853A-07AE-4AF8-BC5F-FCD1696ABB4D}.Debug|Any CPU.Build.0 = Debug|Any CPU
		{8279853A-07AE-4AF8-BC5F-FCD1696ABB4D}.Debug|Mixed Platforms.ActiveCfg = Debug|Any CPU
		{8279853A-07AE-4AF8-BC5F-FCD1696ABB4D}.Debug|Mixed Platforms.Build.0 = Debug|Any CPU
		{8279853A-07AE-4AF8-BC5F-FCD1696ABB4D}.Debug|x86.ActiveCfg = Debug|Any CPU
		{8279853A-07AE-4AF8-BC5F-FCD1696ABB4D}.Release|Any CPU.ActiveCfg = Release|Any CPU
		{8279853A-07AE-4AF8-BC5F-FCD1696ABB4D}.Release|Any CPU.Build.0 = Release|Any CPU
		{8279853A-07AE-4AF8-BC5F-FCD1696ABB4D}.Release|Mixed Platforms.ActiveCfg = Release|Any CPU
		{8279853A-07AE-4AF8-BC5F-FCD1696ABB4D}.Release|Mixed Platforms.Build.0 = Release|Any CPU
		{8279853A-07AE-4AF8-BC5F-FCD1696ABB4D}.Release|x86.ActiveCfg = Release|Any CPU
		{91C31E86-7DDB-4C29-8A65-56596478013C}.Debug|Any CPU.ActiveCfg = Debug|Any CPU
		{91C31E86-7DDB-4C29-8A65-56596478013C}.Debug|Any CPU.Build.0 = Debug|Any CPU
		{91C31E86-7DDB-4C29-8A65-56596478013C}.Debug|Mixed Platforms.ActiveCfg = Debug|Any CPU
		{91C31E86-7DDB-4C29-8A65-56596478013C}.Debug|Mixed Platforms.Build.0 = Debug|Any CPU
		{91C31E86-7DDB-4C29-8A65-56596478013C}.Debug|x86.ActiveCfg = Debug|Any CPU
		{91C31E86-7DDB-4C29-8A65-56596478013C}.Release|Any CPU.ActiveCfg = Release|Any CPU
		{91C31E86-7DDB-4C29-8A65-56596478013C}.Release|Any CPU.Build.0 = Release|Any CPU
		{91C31E86-7DDB-4C29-8A65-56596478013C}.Release|Mixed Platforms.ActiveCfg = Release|Any CPU
		{91C31E86-7DDB-4C29-8A65-56596478013C}.Release|Mixed Platforms.Build.0 = Release|Any CPU
		{91C31E86-7DDB-4C29-8A65-56596478013C}.Release|x86.ActiveCfg = Release|Any CPU
		{7DB057F5-2B79-4822-9A3F-1B7F30EB552F}.Debug|Any CPU.ActiveCfg = Debug|Any CPU
		{7DB057F5-2B79-4822-9A3F-1B7F30EB552F}.Debug|Any CPU.Build.0 = Debug|Any CPU
		{7DB057F5-2B79-4822-9A3F-1B7F30EB552F}.Debug|Mixed Platforms.ActiveCfg = Debug|Any CPU
		{7DB057F5-2B79-4822-9A3F-1B7F30EB552F}.Debug|Mixed Platforms.Build.0 = Debug|Any CPU
		{7DB057F5-2B79-4822-9A3F-1B7F30EB552F}.Debug|x86.ActiveCfg = Debug|Any CPU
		{7DB057F5-2B79-4822-9A3F-1B7F30EB552F}.Release|Any CPU.ActiveCfg = Release|Any CPU
		{7DB057F5-2B79-4822-9A3F-1B7F30EB552F}.Release|Any CPU.Build.0 = Release|Any CPU
		{7DB057F5-2B79-4822-9A3F-1B7F30EB552F}.Release|Mixed Platforms.ActiveCfg = Release|Any CPU
		{7DB057F5-2B79-4822-9A3F-1B7F30EB552F}.Release|Mixed Platforms.Build.0 = Release|Any CPU
		{7DB057F5-2B79-4822-9A3F-1B7F30EB552F}.Release|x86.ActiveCfg = Release|Any CPU
		{A7B77408-0DBA-4384-A31A-404187CAEC89}.Debug|Any CPU.ActiveCfg = Debug|Any CPU
		{A7B77408-0DBA-4384-A31A-404187CAEC89}.Debug|Any CPU.Build.0 = Debug|Any CPU
		{A7B77408-0DBA-4384-A31A-404187CAEC89}.Debug|Mixed Platforms.ActiveCfg = Debug|Any CPU
		{A7B77408-0DBA-4384-A31A-404187CAEC89}.Debug|Mixed Platforms.Build.0 = Debug|Any CPU
		{A7B77408-0DBA-4384-A31A-404187CAEC89}.Debug|x86.ActiveCfg = Debug|Any CPU
		{A7B77408-0DBA-4384-A31A-404187CAEC89}.Release|Any CPU.ActiveCfg = Release|Any CPU
		{A7B77408-0DBA-4384-A31A-404187CAEC89}.Release|Any CPU.Build.0 = Release|Any CPU
		{A7B77408-0DBA-4384-A31A-404187CAEC89}.Release|Mixed Platforms.ActiveCfg = Release|Any CPU
		{A7B77408-0DBA-4384-A31A-404187CAEC89}.Release|Mixed Platforms.Build.0 = Release|Any CPU
		{A7B77408-0DBA-4384-A31A-404187CAEC89}.Release|x86.ActiveCfg = Release|Any CPU
		{9D9DA1EB-90DA-4FC0-A97F-C650201DD994}.Debug|Any CPU.ActiveCfg = Debug|Any CPU
		{9D9DA1EB-90DA-4FC0-A97F-C650201DD994}.Debug|Any CPU.Build.0 = Debug|Any CPU
		{9D9DA1EB-90DA-4FC0-A97F-C650201DD994}.Debug|Mixed Platforms.ActiveCfg = Debug|Any CPU
		{9D9DA1EB-90DA-4FC0-A97F-C650201DD994}.Debug|Mixed Platforms.Build.0 = Debug|Any CPU
		{9D9DA1EB-90DA-4FC0-A97F-C650201DD994}.Debug|x86.ActiveCfg = Debug|Any CPU
		{9D9DA1EB-90DA-4FC0-A97F-C650201DD994}.Release|Any CPU.ActiveCfg = Release|Any CPU
		{9D9DA1EB-90DA-4FC0-A97F-C650201DD994}.Release|Any CPU.Build.0 = Release|Any CPU
		{9D9DA1EB-90DA-4FC0-A97F-C650201DD994}.Release|Mixed Platforms.ActiveCfg = Release|Any CPU
		{9D9DA1EB-90DA-4FC0-A97F-C650201DD994}.Release|Mixed Platforms.Build.0 = Release|Any CPU
		{9D9DA1EB-90DA-4FC0-A97F-C650201DD994}.Release|x86.ActiveCfg = Release|Any CPU
		{A49E31A1-79DC-4B05-AE48-2B594E168EB9}.Debug|Any CPU.ActiveCfg = Debug|Any CPU
		{A49E31A1-79DC-4B05-AE48-2B594E168EB9}.Debug|Any CPU.Build.0 = Debug|Any CPU
		{A49E31A1-79DC-4B05-AE48-2B594E168EB9}.Debug|Mixed Platforms.ActiveCfg = Debug|Any CPU
		{A49E31A1-79DC-4B05-AE48-2B594E168EB9}.Debug|x86.ActiveCfg = Debug|Any CPU
		{A49E31A1-79DC-4B05-AE48-2B594E168EB9}.Release|Any CPU.ActiveCfg = Release|Any CPU
		{A49E31A1-79DC-4B05-AE48-2B594E168EB9}.Release|Any CPU.Build.0 = Release|Any CPU
		{A49E31A1-79DC-4B05-AE48-2B594E168EB9}.Release|Mixed Platforms.ActiveCfg = Release|Any CPU
		{A49E31A1-79DC-4B05-AE48-2B594E168EB9}.Release|x86.ActiveCfg = Release|Any CPU
		{96FEDA4B-C7E0-4DDB-AD3A-BFF2FD8D973D}.Debug|Any CPU.ActiveCfg = Debug|Any CPU
		{96FEDA4B-C7E0-4DDB-AD3A-BFF2FD8D973D}.Debug|Any CPU.Build.0 = Debug|Any CPU
		{96FEDA4B-C7E0-4DDB-AD3A-BFF2FD8D973D}.Debug|Mixed Platforms.ActiveCfg = Debug|Any CPU
		{96FEDA4B-C7E0-4DDB-AD3A-BFF2FD8D973D}.Debug|Mixed Platforms.Build.0 = Debug|Any CPU
		{96FEDA4B-C7E0-4DDB-AD3A-BFF2FD8D973D}.Debug|x86.ActiveCfg = Debug|Any CPU
		{96FEDA4B-C7E0-4DDB-AD3A-BFF2FD8D973D}.Release|Any CPU.ActiveCfg = Release|Any CPU
		{96FEDA4B-C7E0-4DDB-AD3A-BFF2FD8D973D}.Release|Any CPU.Build.0 = Release|Any CPU
		{96FEDA4B-C7E0-4DDB-AD3A-BFF2FD8D973D}.Release|Mixed Platforms.ActiveCfg = Release|Any CPU
		{96FEDA4B-C7E0-4DDB-AD3A-BFF2FD8D973D}.Release|Mixed Platforms.Build.0 = Release|Any CPU
		{96FEDA4B-C7E0-4DDB-AD3A-BFF2FD8D973D}.Release|x86.ActiveCfg = Release|Any CPU
		{756AB4B0-BC00-4297-A4F0-3DB40B7E2181}.Debug|Any CPU.ActiveCfg = Debug|Any CPU
		{756AB4B0-BC00-4297-A4F0-3DB40B7E2181}.Debug|Any CPU.Build.0 = Debug|Any CPU
		{756AB4B0-BC00-4297-A4F0-3DB40B7E2181}.Debug|Mixed Platforms.ActiveCfg = Debug|Any CPU
		{756AB4B0-BC00-4297-A4F0-3DB40B7E2181}.Debug|Mixed Platforms.Build.0 = Debug|Any CPU
		{756AB4B0-BC00-4297-A4F0-3DB40B7E2181}.Debug|x86.ActiveCfg = Debug|Any CPU
		{756AB4B0-BC00-4297-A4F0-3DB40B7E2181}.Release|Any CPU.ActiveCfg = Release|Any CPU
		{756AB4B0-BC00-4297-A4F0-3DB40B7E2181}.Release|Any CPU.Build.0 = Release|Any CPU
		{756AB4B0-BC00-4297-A4F0-3DB40B7E2181}.Release|Mixed Platforms.ActiveCfg = Release|Any CPU
		{756AB4B0-BC00-4297-A4F0-3DB40B7E2181}.Release|Mixed Platforms.Build.0 = Release|Any CPU
		{756AB4B0-BC00-4297-A4F0-3DB40B7E2181}.Release|x86.ActiveCfg = Release|Any CPU
		{8D4BB859-6779-4D53-86C6-79712956A772}.Debug|Any CPU.ActiveCfg = Debug|Any CPU
		{8D4BB859-6779-4D53-86C6-79712956A772}.Debug|Any CPU.Build.0 = Debug|Any CPU
		{8D4BB859-6779-4D53-86C6-79712956A772}.Debug|Mixed Platforms.ActiveCfg = Debug|Any CPU
		{8D4BB859-6779-4D53-86C6-79712956A772}.Debug|Mixed Platforms.Build.0 = Debug|Any CPU
		{8D4BB859-6779-4D53-86C6-79712956A772}.Debug|x86.ActiveCfg = Debug|Any CPU
		{8D4BB859-6779-4D53-86C6-79712956A772}.Release|Any CPU.ActiveCfg = Release|Any CPU
		{8D4BB859-6779-4D53-86C6-79712956A772}.Release|Any CPU.Build.0 = Release|Any CPU
		{8D4BB859-6779-4D53-86C6-79712956A772}.Release|Mixed Platforms.ActiveCfg = Release|Any CPU
		{8D4BB859-6779-4D53-86C6-79712956A772}.Release|Mixed Platforms.Build.0 = Release|Any CPU
		{8D4BB859-6779-4D53-86C6-79712956A772}.Release|x86.ActiveCfg = Release|Any CPU
		{4C8A147E-13D2-4D6E-83F3-55791B6FF6DC}.Debug|Any CPU.ActiveCfg = Debug|Any CPU
		{4C8A147E-13D2-4D6E-83F3-55791B6FF6DC}.Debug|Any CPU.Build.0 = Debug|Any CPU
		{4C8A147E-13D2-4D6E-83F3-55791B6FF6DC}.Debug|Mixed Platforms.ActiveCfg = Debug|Any CPU
		{4C8A147E-13D2-4D6E-83F3-55791B6FF6DC}.Debug|Mixed Platforms.Build.0 = Debug|Any CPU
		{4C8A147E-13D2-4D6E-83F3-55791B6FF6DC}.Debug|x86.ActiveCfg = Debug|Any CPU
		{4C8A147E-13D2-4D6E-83F3-55791B6FF6DC}.Release|Any CPU.ActiveCfg = Release|Any CPU
		{4C8A147E-13D2-4D6E-83F3-55791B6FF6DC}.Release|Any CPU.Build.0 = Release|Any CPU
		{4C8A147E-13D2-4D6E-83F3-55791B6FF6DC}.Release|Mixed Platforms.ActiveCfg = Release|Any CPU
		{4C8A147E-13D2-4D6E-83F3-55791B6FF6DC}.Release|Mixed Platforms.Build.0 = Release|Any CPU
		{4C8A147E-13D2-4D6E-83F3-55791B6FF6DC}.Release|x86.ActiveCfg = Release|Any CPU
		{CD583705-1033-4D51-B613-07295C56DF57}.Debug|Any CPU.ActiveCfg = Debug|x86
		{CD583705-1033-4D51-B613-07295C56DF57}.Debug|Mixed Platforms.ActiveCfg = Debug|x86
		{CD583705-1033-4D51-B613-07295C56DF57}.Debug|Mixed Platforms.Build.0 = Debug|x86
		{CD583705-1033-4D51-B613-07295C56DF57}.Debug|x86.ActiveCfg = Debug|x86
		{CD583705-1033-4D51-B613-07295C56DF57}.Debug|x86.Build.0 = Debug|x86
		{CD583705-1033-4D51-B613-07295C56DF57}.Release|Any CPU.ActiveCfg = Release|x86
		{CD583705-1033-4D51-B613-07295C56DF57}.Release|Mixed Platforms.ActiveCfg = Release|x86
		{CD583705-1033-4D51-B613-07295C56DF57}.Release|Mixed Platforms.Build.0 = Release|x86
		{CD583705-1033-4D51-B613-07295C56DF57}.Release|x86.ActiveCfg = Release|x86
		{CD583705-1033-4D51-B613-07295C56DF57}.Release|x86.Build.0 = Release|x86
		{F7630E5C-40A9-44F4-A6D4-49AE731F4A38}.Debug|Any CPU.ActiveCfg = Debug|x86
		{F7630E5C-40A9-44F4-A6D4-49AE731F4A38}.Debug|Mixed Platforms.ActiveCfg = Debug|x86
		{F7630E5C-40A9-44F4-A6D4-49AE731F4A38}.Debug|Mixed Platforms.Build.0 = Debug|x86
		{F7630E5C-40A9-44F4-A6D4-49AE731F4A38}.Debug|x86.ActiveCfg = Debug|x86
		{F7630E5C-40A9-44F4-A6D4-49AE731F4A38}.Debug|x86.Build.0 = Debug|x86
		{F7630E5C-40A9-44F4-A6D4-49AE731F4A38}.Release|Any CPU.ActiveCfg = Release|x86
		{F7630E5C-40A9-44F4-A6D4-49AE731F4A38}.Release|Mixed Platforms.ActiveCfg = Release|x86
		{F7630E5C-40A9-44F4-A6D4-49AE731F4A38}.Release|Mixed Platforms.Build.0 = Release|x86
		{F7630E5C-40A9-44F4-A6D4-49AE731F4A38}.Release|x86.ActiveCfg = Release|x86
		{F7630E5C-40A9-44F4-A6D4-49AE731F4A38}.Release|x86.Build.0 = Release|x86
	EndGlobalSection
	GlobalSection(SolutionProperties) = preSolution
		HideSolutionNode = FALSE
	EndGlobalSection
	GlobalSection(NestedProjects) = preSolution
		{E14D1C61-1979-452E-BE8B-0303A95EF764} = {048641FD-5970-4D79-9DA2-07CDCD9FAC43}
		{7DB057F5-2B79-4822-9A3F-1B7F30EB552F} = {048641FD-5970-4D79-9DA2-07CDCD9FAC43}
		{38A27FC0-2864-49A8-BDA3-D7E22D276B29} = {048641FD-5970-4D79-9DA2-07CDCD9FAC43}
		{96FEDA4B-C7E0-4DDB-AD3A-BFF2FD8D973D} = {048641FD-5970-4D79-9DA2-07CDCD9FAC43}
		{4C8A147E-13D2-4D6E-83F3-55791B6FF6DC} = {048641FD-5970-4D79-9DA2-07CDCD9FAC43}
		{406E3AC9-A86B-4857-B6FF-C6033EDF8EF3} = {048641FD-5970-4D79-9DA2-07CDCD9FAC43}
		{CA90B613-C4D6-4011-BC6B-CCC8DE62DAC0} = {74BF7EFF-11AD-4587-9C35-9419831D1116}
		{8279853A-07AE-4AF8-BC5F-FCD1696ABB4D} = {74BF7EFF-11AD-4587-9C35-9419831D1116}
		{91C31E86-7DDB-4C29-8A65-56596478013C} = {74BF7EFF-11AD-4587-9C35-9419831D1116}
		{756AB4B0-BC00-4297-A4F0-3DB40B7E2181} = {74BF7EFF-11AD-4587-9C35-9419831D1116}
		{A7B77408-0DBA-4384-A31A-404187CAEC89} = {5094CC44-E8F8-4472-8042-BE7E78899225}
		{9D9DA1EB-90DA-4FC0-A97F-C650201DD994} = {5094CC44-E8F8-4472-8042-BE7E78899225}
		{A49E31A1-79DC-4B05-AE48-2B594E168EB9} = {5094CC44-E8F8-4472-8042-BE7E78899225}
		{86E795DC-E649-4739-BB0D-4D8EC7D49E12} = {A5D7B51F-689A-4BB1-AE4C-7C12F4B443FA}
		{8D4BB859-6779-4D53-86C6-79712956A772} = {A5D7B51F-689A-4BB1-AE4C-7C12F4B443FA}
		{CD583705-1033-4D51-B613-07295C56DF57} = {406E3AC9-A86B-4857-B6FF-C6033EDF8EF3}
		{F7630E5C-40A9-44F4-A6D4-49AE731F4A38} = {406E3AC9-A86B-4857-B6FF-C6033EDF8EF3}
	EndGlobalSection
EndGlobal
