
Microsoft Visual Studio Solution File, Format Version 12.00
# Visual Studio 2013
VisualStudioVersion = 12.0.31101.0
MinimumVisualStudioVersion = 10.0.40219.1
Project("{2150E333-8FDC-42A3-9474-1A3956D46DE8}") = "ArduinoUNOWeatherShield", "ArduinoUNOWeatherShield", "{4A346316-F6D7-4999-99E0-835C612B703E}"
	ProjectSection(SolutionItems) = preProject
		Devices\Arduino\AnalogReadSerial\AnalogReadSerial.ino = Devices\Arduino\AnalogReadSerial\AnalogReadSerial.ino
		Devices\Arduino\WeatherShieldJson\WeatherShieldJson.ino = Devices\Arduino\WeatherShieldJson\WeatherShieldJson.ino
	EndProjectSection
EndProject
Project("{FAE04EC0-301F-11D3-BF4B-00C04F79EFBC}") = "RaspberryPiGateway", "Devices\RaspberryPIGateway\RaspberryPiGateway.csproj", "{EF61A630-92C4-4EFD-BAAE-DBE56175D856}"
EndProject
Project("{FAE04EC0-301F-11D3-BF4B-00C04F79EFBC}") = "ConnectTheDotsWebSite", "Azure\ConnectTheDotsWebSite\ConnectTheDotsWebSite.csproj", "{DA43D6B7-5A31-4FEA-BBCE-3A8FEAE0B0A2}"
EndProject
Project("{2150E333-8FDC-42A3-9474-1A3956D46DE8}") = "StreamingAnalyticsQueries", "StreamingAnalyticsQueries", "{1415BD4B-0CCD-4F2D-A56F-879577605885}"
	ProjectSection(SolutionItems) = preProject
		Azure\StreamingAnalyticsQueries\Aggregates.sql = Azure\StreamingAnalyticsQueries\Aggregates.sql
		Azure\StreamingAnalyticsQueries\Alert.sql = Azure\StreamingAnalyticsQueries\Alert.sql
		Azure\StreamingAnalyticsQueries\LightSensor.sql = Azure\StreamingAnalyticsQueries\LightSensor.sql
	EndProjectSection
EndProject
Project("{FAE04EC0-301F-11D3-BF4B-00C04F79EFBC}") = "ConnectTheDotsCloudDeploy", "Azure\ConnectTheDotsCloudDeploy\ConnectTheDotsCloudDeploy.csproj", "{C5D904A1-BD1C-4A76-9BD5-B7D4AB4FC5D4}"
EndProject
Project("{2150E333-8FDC-42A3-9474-1A3956D46DE8}") = "Docs", "Docs", "{CE0759E4-E699-4FC3-88FF-36673ACF7BD4}"
	ProjectSection(SolutionItems) = preProject
		license.txt = license.txt
		notice.txt = notice.txt
	EndProjectSection
EndProject
Project("{2150E333-8FDC-42A3-9474-1A3956D46DE8}") = "Devices", "Devices", "{D0FFB361-2446-4A2D-92FA-E5BC031DB8A7}"
EndProject
Project("{2150E333-8FDC-42A3-9474-1A3956D46DE8}") = "Azure", "Azure", "{666856E5-7E5C-4C4A-BD4D-A6C3D16D6E20}"
EndProject
Global
	GlobalSection(SolutionConfigurationPlatforms) = preSolution
		Debug|Any CPU = Debug|Any CPU
		Debug|Mixed Platforms = Debug|Mixed Platforms
		Debug|x86 = Debug|x86
		Release|Any CPU = Release|Any CPU
		Release|Mixed Platforms = Release|Mixed Platforms
		Release|x86 = Release|x86
	EndGlobalSection
	GlobalSection(ProjectConfigurationPlatforms) = postSolution
		{EF61A630-92C4-4EFD-BAAE-DBE56175D856}.Debug|Any CPU.ActiveCfg = Debug|x86
		{EF61A630-92C4-4EFD-BAAE-DBE56175D856}.Debug|Mixed Platforms.ActiveCfg = Debug|x86
		{EF61A630-92C4-4EFD-BAAE-DBE56175D856}.Debug|Mixed Platforms.Build.0 = Debug|x86
		{EF61A630-92C4-4EFD-BAAE-DBE56175D856}.Debug|x86.ActiveCfg = Debug|x86
		{EF61A630-92C4-4EFD-BAAE-DBE56175D856}.Debug|x86.Build.0 = Debug|x86
		{EF61A630-92C4-4EFD-BAAE-DBE56175D856}.Release|Any CPU.ActiveCfg = Release|x86
		{EF61A630-92C4-4EFD-BAAE-DBE56175D856}.Release|Mixed Platforms.ActiveCfg = Release|x86
		{EF61A630-92C4-4EFD-BAAE-DBE56175D856}.Release|Mixed Platforms.Build.0 = Release|x86
		{EF61A630-92C4-4EFD-BAAE-DBE56175D856}.Release|x86.ActiveCfg = Release|x86
		{EF61A630-92C4-4EFD-BAAE-DBE56175D856}.Release|x86.Build.0 = Release|x86
		{DA43D6B7-5A31-4FEA-BBCE-3A8FEAE0B0A2}.Debug|Any CPU.ActiveCfg = Debug|Any CPU
		{DA43D6B7-5A31-4FEA-BBCE-3A8FEAE0B0A2}.Debug|Any CPU.Build.0 = Debug|Any CPU
		{DA43D6B7-5A31-4FEA-BBCE-3A8FEAE0B0A2}.Debug|Mixed Platforms.ActiveCfg = Debug|Any CPU
		{DA43D6B7-5A31-4FEA-BBCE-3A8FEAE0B0A2}.Debug|Mixed Platforms.Build.0 = Debug|Any CPU
		{DA43D6B7-5A31-4FEA-BBCE-3A8FEAE0B0A2}.Debug|x86.ActiveCfg = Debug|Any CPU
		{DA43D6B7-5A31-4FEA-BBCE-3A8FEAE0B0A2}.Debug|x86.Build.0 = Debug|Any CPU
		{DA43D6B7-5A31-4FEA-BBCE-3A8FEAE0B0A2}.Release|Any CPU.ActiveCfg = Release|Any CPU
		{DA43D6B7-5A31-4FEA-BBCE-3A8FEAE0B0A2}.Release|Any CPU.Build.0 = Release|Any CPU
		{DA43D6B7-5A31-4FEA-BBCE-3A8FEAE0B0A2}.Release|Mixed Platforms.ActiveCfg = Release|Any CPU
		{DA43D6B7-5A31-4FEA-BBCE-3A8FEAE0B0A2}.Release|Mixed Platforms.Build.0 = Release|Any CPU
		{DA43D6B7-5A31-4FEA-BBCE-3A8FEAE0B0A2}.Release|x86.ActiveCfg = Release|Any CPU
		{DA43D6B7-5A31-4FEA-BBCE-3A8FEAE0B0A2}.Release|x86.Build.0 = Release|Any CPU
		{C5D904A1-BD1C-4A76-9BD5-B7D4AB4FC5D4}.Debug|Any CPU.ActiveCfg = Debug|Any CPU
		{C5D904A1-BD1C-4A76-9BD5-B7D4AB4FC5D4}.Debug|Any CPU.Build.0 = Debug|Any CPU
		{C5D904A1-BD1C-4A76-9BD5-B7D4AB4FC5D4}.Debug|Mixed Platforms.ActiveCfg = Debug|Any CPU
		{C5D904A1-BD1C-4A76-9BD5-B7D4AB4FC5D4}.Debug|Mixed Platforms.Build.0 = Debug|Any CPU
		{C5D904A1-BD1C-4A76-9BD5-B7D4AB4FC5D4}.Debug|x86.ActiveCfg = Debug|Any CPU
		{C5D904A1-BD1C-4A76-9BD5-B7D4AB4FC5D4}.Release|Any CPU.ActiveCfg = Release|Any CPU
		{C5D904A1-BD1C-4A76-9BD5-B7D4AB4FC5D4}.Release|Any CPU.Build.0 = Release|Any CPU
		{C5D904A1-BD1C-4A76-9BD5-B7D4AB4FC5D4}.Release|Mixed Platforms.ActiveCfg = Release|Any CPU
		{C5D904A1-BD1C-4A76-9BD5-B7D4AB4FC5D4}.Release|Mixed Platforms.Build.0 = Release|Any CPU
		{C5D904A1-BD1C-4A76-9BD5-B7D4AB4FC5D4}.Release|x86.ActiveCfg = Release|Any CPU
	EndGlobalSection
	GlobalSection(SolutionProperties) = preSolution
		HideSolutionNode = FALSE
	EndGlobalSection
	GlobalSection(NestedProjects) = preSolution
		{4A346316-F6D7-4999-99E0-835C612B703E} = {D0FFB361-2446-4A2D-92FA-E5BC031DB8A7}
		{EF61A630-92C4-4EFD-BAAE-DBE56175D856} = {D0FFB361-2446-4A2D-92FA-E5BC031DB8A7}
		{DA43D6B7-5A31-4FEA-BBCE-3A8FEAE0B0A2} = {666856E5-7E5C-4C4A-BD4D-A6C3D16D6E20}
		{1415BD4B-0CCD-4F2D-A56F-879577605885} = {666856E5-7E5C-4C4A-BD4D-A6C3D16D6E20}
		{C5D904A1-BD1C-4A76-9BD5-B7D4AB4FC5D4} = {666856E5-7E5C-4C4A-BD4D-A6C3D16D6E20}
	EndGlobalSection
	GlobalSection(MonoDevelopProperties) = preSolution
		StartupItem = Azure\ConnectTheDotsWebSite\ConnectTheDotsWebSite.csproj
	EndGlobalSection
EndGlobal
