
Microsoft Visual Studio Solution File, Format Version 12.00
# Visual Studio 2013
VisualStudioVersion = 12.0.21005.1
MinimumVisualStudioVersion = 10.0.40219.1
Project("{E24C65DC-7377-472B-9ABA-BC803B73C61A}") = "DevicesOnMap", "http://localhost:29901", "{3076D31B-3B57-4ECE-AE22-AA6145E1AD5D}"
	ProjectSection(WebsiteProperties) = preProject
		UseIISExpress = "true"
		TargetFrameworkMoniker = ".NETFramework,Version%3Dv4.5"
		Debug.AspNetCompiler.VirtualPath = "/localhost_29901"
		Debug.AspNetCompiler.PhysicalPath = "..\..\..\..\..\..\Projects\connectthedots\Azure\DevicesOnMap\"
		Debug.AspNetCompiler.TargetPath = "PrecompiledWeb\localhost_29901\"
		Debug.AspNetCompiler.Updateable = "true"
		Debug.AspNetCompiler.ForceOverwrite = "true"
		Debug.AspNetCompiler.FixedNames = "false"
		Debug.AspNetCompiler.Debug = "True"
		Release.AspNetCompiler.VirtualPath = "/localhost_29901"
		Release.AspNetCompiler.PhysicalPath = "..\..\..\..\..\..\Projects\connectthedots\Azure\DevicesOnMap\"
		Release.AspNetCompiler.TargetPath = "PrecompiledWeb\localhost_29901\"
		Release.AspNetCompiler.Updateable = "true"
		Release.AspNetCompiler.ForceOverwrite = "true"
		Release.AspNetCompiler.FixedNames = "false"
		Release.AspNetCompiler.Debug = "False"
		SlnRelativePath = "..\..\..\..\..\..\Projects\connectthedots\Azure\DevicesOnMap\"
		DefaultWebSiteLanguage = "Visual Basic"
	EndProjectSection
EndProject
Global
	GlobalSection(SolutionConfigurationPlatforms) = preSolution
		Debug|Any CPU = Debug|Any CPU
	EndGlobalSection
	GlobalSection(ProjectConfigurationPlatforms) = postSolution
		{3076D31B-3B57-4ECE-AE22-AA6145E1AD5D}.Debug|Any CPU.ActiveCfg = Debug|Any CPU
		{3076D31B-3B57-4ECE-AE22-AA6145E1AD5D}.Debug|Any CPU.Build.0 = Debug|Any CPU
	EndGlobalSection
	GlobalSection(SolutionProperties) = preSolution
		HideSolutionNode = FALSE
	EndGlobalSection
EndGlobal
