<?xml version="1.0" encoding="utf-8"?>
<Project ToolsVersion="4.0" xmlns="http://schemas.microsoft.com/developer/msbuild/2003">
  <ItemGroup>
    <Filter Include="Source Files">
      <UniqueIdentifier>{4FC737F1-C7A5-4376-A066-2A32D752A2FF}</UniqueIdentifier>
      <Extensions>cpp;c;cc;cxx;def;odl;idl;hpj;bat;asm;asmx</Extensions>
    </Filter>
    <Filter Include="Header Files">
      <UniqueIdentifier>{93995380-89BD-4b04-88EB-625FBE52EBFB}</UniqueIdentifier>
      <Extensions>h;hh;hpp;hxx;hm;inl;inc;xsd</Extensions>
    </Filter>
    <Filter Include="Resource Files">
      <UniqueIdentifier>{67DA6AB6-F800-4c08-8B7A-83BB121AAD01}</UniqueIdentifier>
      <Extensions>rc;ico;cur;bmp;dlg;rc2;rct;bin;rgs;gif;jpg;jpeg;jpe;resx;tiff;tif;png;wav;mfcribbon-ms</Extensions>
    </Filter>
    <Filter Include="Docs">
      <UniqueIdentifier>{b0912147-3b8c-46a4-bf07-f1ec27d12591}</UniqueIdentifier>
    </Filter>
    <Filter Include="Source Files\amqp">
      <UniqueIdentifier>{3e27e97d-e9c8-4f4f-8603-f2374afe726f}</UniqueIdentifier>
    </Filter>
    <Filter Include="Source Files\grove">
      <UniqueIdentifier>{92ad0d70-7a37-4ff6-a993-a05b0c836e9e}</UniqueIdentifier>
    </Filter>
    <Filter Include="Header Files\amqp">
      <UniqueIdentifier>{cd924e6d-1f69-4324-ab76-f03f3988d67f}</UniqueIdentifier>
    </Filter>
    <Filter Include="Header Files\grove">
      <UniqueIdentifier>{1fb1d768-abef-4f28-b8c1-3802c759090e}</UniqueIdentifier>
    </Filter>
    <Filter Include="Header Files\xml">
      <UniqueIdentifier>{2b32385d-2c88-467b-8560-d1c890b95f97}</UniqueIdentifier>
    </Filter>
    <Filter Include="Header Files\weatherShield">
      <UniqueIdentifier>{70c04909-625c-48e6-9409-13e6f8557ffe}</UniqueIdentifier>
    </Filter>
    <Filter Include="Header Files\json">
      <UniqueIdentifier>{0527e247-7397-4120-a0da-ee0f83b59719}</UniqueIdentifier>
    </Filter>
    <Filter Include="Source Files\weatherShield">
      <UniqueIdentifier>{552e2321-0194-43e2-8a8e-52518609ce25}</UniqueIdentifier>
    </Filter>
    <Filter Include="Source Files\json">
      <UniqueIdentifier>{2f05e74f-2bea-40d3-a5f2-ff7bf92d965b}</UniqueIdentifier>
    </Filter>
    <Filter Include="Header Files\sensors">
      <UniqueIdentifier>{9e3df378-7277-44fe-b6ed-f1a82ac00496}</UniqueIdentifier>
    </Filter>
    <Filter Include="Source Files\sensors">
      <UniqueIdentifier>{cca0dd09-de6a-4fdb-bdd5-8e97582bebba}</UniqueIdentifier>
    </Filter>
  </ItemGroup>
  <ItemGroup>
    <ClInclude Include="stdafx.h">
      <Filter>Header Files</Filter>
    </ClInclude>
    <ClInclude Include="targetver.h">
      <Filter>Header Files</Filter>
    </ClInclude>
    <ClInclude Include="amqp\Address.h">
      <Filter>Header Files\amqp</Filter>
    </ClInclude>
    <ClInclude Include="amqp\amqp.h">
      <Filter>Header Files\amqp</Filter>
    </ClInclude>
    <ClInclude Include="amqp\AMQPData.h">
      <Filter>Header Files\amqp</Filter>
    </ClInclude>
    <ClInclude Include="amqp\AMQPString.h">
      <Filter>Header Files\amqp</Filter>
    </ClInclude>
    <ClInclude Include="amqp\AMQPSymbol.h">
      <Filter>Header Files\amqp</Filter>
    </ClInclude>
    <ClInclude Include="amqp\AMQPuuid.h">
      <Filter>Header Files\amqp</Filter>
    </ClInclude>
    <ClInclude Include="grove\GroveLight.h">
      <Filter>Header Files\grove</Filter>
    </ClInclude>
    <ClInclude Include="grove\grove.h">
      <Filter>Header Files\grove</Filter>
    </ClInclude>
    <ClInclude Include="grove\GroveTemperature.h">
      <Filter>Header Files\grove</Filter>
    </ClInclude>
    <ClInclude Include="amqp\IMessage.h">
      <Filter>Header Files\amqp</Filter>
    </ClInclude>
    <ClInclude Include="amqp\IAMQPData.h">
      <Filter>Header Files\amqp</Filter>
    </ClInclude>
    <ClInclude Include="amqp\Sender.h">
      <Filter>Header Files\amqp</Filter>
    </ClInclude>
    <ClInclude Include="rapidxml.hpp">
      <Filter>Header Files\xml</Filter>
    </ClInclude>
    <ClInclude Include="rapidxml_utils.hpp">
      <Filter>Header Files\xml</Filter>
    </ClInclude>
    <ClInclude Include="MPL3115A2.h">
      <Filter>Header Files\weatherShield</Filter>
    </ClInclude>
    <ClInclude Include="HTU21D.h">
      <Filter>Header Files\weatherShield</Filter>
    </ClInclude>
    <ClInclude Include="amqp\JsonMessage.h">
      <Filter>Header Files\amqp</Filter>
    </ClInclude>
    <ClInclude Include="JSON.h">
      <Filter>Header Files\json</Filter>
    </ClInclude>
    <ClInclude Include="JSONValue.h">
      <Filter>Header Files\json</Filter>
    </ClInclude>
    <ClInclude Include="amqp\TextMessage.h">
      <Filter>Header Files\amqp</Filter>
    </ClInclude>
    <ClInclude Include="Configuration.h">
      <Filter>Header Files</Filter>
    </ClInclude>
    <ClInclude Include="sensors\WeatherShield.h">
      <Filter>Header Files\sensors</Filter>
    </ClInclude>
    <ClInclude Include="sensors\ISensor.h">
      <Filter>Header Files\sensors</Filter>
    </ClInclude>
    <ClInclude Include="sensors\Sensors.h">
      <Filter>Header Files\sensors</Filter>
    </ClInclude>
    <ClInclude Include="sensors\FakeSensor.h">
      <Filter>Header Files\sensors</Filter>
    </ClInclude>
    <ClInclude Include="sensors\GroveTemperatureSensor.h">
      <Filter>Header Files\sensors</Filter>
    </ClInclude>
    <ClInclude Include="sensors\GroveLightSensor.h">
      <Filter>Header Files\sensors</Filter>
    </ClInclude>
    <ClInclude Include="sensors\WeatherShieldHumiditySensor.h">
      <Filter>Header Files\sensors</Filter>
    </ClInclude>
    <ClInclude Include="sensors\WeatherShieldTemperatureSensor.h">
      <Filter>Header Files\sensors</Filter>
    </ClInclude>
    <ClInclude Include="sensors\WeatherShieldPressureSensor.h">
      <Filter>Header Files\sensors</Filter>
    </ClInclude>
    <ClInclude Include="sensors\OnBoardTemperatureSensor.h">
      <Filter>Header Files\sensors</Filter>
    </ClInclude>
  </ItemGroup>
  <ItemGroup>
    <ClCompile Include="stdafx.cpp">
      <Filter>Source Files</Filter>
    </ClCompile>
    <ClCompile Include="Main.cpp">
      <Filter>Source Files</Filter>
    </ClCompile>
    <ClCompile Include="amqp\Address.cpp">
      <Filter>Source Files\amqp</Filter>
    </ClCompile>
    <ClCompile Include="amqp\AMQPString.cpp">
      <Filter>Source Files\amqp</Filter>
    </ClCompile>
    <ClCompile Include="amqp\AMQPSymbol.cpp">
      <Filter>Source Files\amqp</Filter>
    </ClCompile>
    <ClCompile Include="amqp\AMQPuuid.cpp">
      <Filter>Source Files\amqp</Filter>
    </ClCompile>
    <ClCompile Include="grove\GroveLight.cpp">
      <Filter>Source Files\grove</Filter>
    </ClCompile>
    <ClCompile Include="grove\GroveTemperature.cpp">
      <Filter>Source Files\grove</Filter>
    </ClCompile>
    <ClCompile Include="amqp\Sender.cpp">
      <Filter>Source Files\amqp</Filter>
    </ClCompile>
    <ClCompile Include="amqp\TextMessage.cpp">
      <Filter>Source Files\amqp</Filter>
    </ClCompile>
    <ClCompile Include="amqp\JsonMessage.cpp">
      <Filter>Source Files\amqp</Filter>
    </ClCompile>
    <ClCompile Include="HTU21D.cpp">
      <Filter>Source Files\weatherShield</Filter>
    </ClCompile>
    <ClCompile Include="JSON.cpp">
      <Filter>Source Files\json</Filter>
    </ClCompile>
    <ClCompile Include="JSONValue.cpp">
      <Filter>Source Files\json</Filter>
    </ClCompile>
    <ClCompile Include="MPL3115A2.cpp">
      <Filter>Source Files\weatherShield</Filter>
    </ClCompile>
    <ClCompile Include="Configuration.cpp">
      <Filter>Source Files</Filter>
    </ClCompile>
    <ClCompile Include="sensors\Sensors.cpp">
      <Filter>Source Files\sensors</Filter>
    </ClCompile>
    <ClCompile Include="$(MSBuildThisFileDirectory)\Source\LiquidCrystal.cpp">
      <Filter>Source Files</Filter>
    </ClCompile>
    <ClCompile Include="$(MSBuildThisFileDirectory)\Source\Print.cpp">
      <Filter>Source Files</Filter>
    </ClCompile>
    <ClCompile Include="$(MSBuildThisFileDirectory)\Source\Stepper.cpp">
      <Filter>Source Files</Filter>
    </ClCompile>
    <ClCompile Include="$(MSBuildThisFileDirectory)\Source\Stream.cpp">
      <Filter>Source Files</Filter>
    </ClCompile>
    <ClCompile Include="$(MSBuildThisFileDirectory)\Source\WString.cpp">
      <Filter>Source Files</Filter>
    </ClCompile>
    <ClCompile Include="$(MSBuildThisFileDirectory)\Source\eeprom.cpp">
      <Filter>Source Files</Filter>
    </ClCompile>
    <ClCompile Include="$(MSBuildThisFileDirectory)\Source\Servo.cpp">
      <Filter>Source Files</Filter>
    </ClCompile>
    <ClCompile Include="$(MSBuildThisFileDirectory)\Source\HardwareSerial.cpp">
      <Filter>Source Files</Filter>
    </ClCompile>
    <ClCompile Include="$(MSBuildThisFileDirectory)\Source\NetworkSerial.cpp">
      <Filter>Source Files</Filter>
    </ClCompile>
    <ClCompile Include="$(MSBuildThisFileDirectory)\Source\PulseIn.cpp">
      <Filter>Source Files</Filter>
    </ClCompile>
    <ClCompile Include="$(MSBuildThisFileDirectory)\Source\DmapSupport.cpp">
      <Filter>Source Files</Filter>
    </ClCompile>
    <ClCompile Include="$(MSBuildThisFileDirectory)\Source\GalileoPins.cpp">
      <Filter>Source Files</Filter>
    </ClCompile>
    <ClCompile Include="$(MSBuildThisFileDirectory)\Source\GpioController.cpp">
      <Filter>Source Files</Filter>
    </ClCompile>
    <ClCompile Include="$(MSBuildThisFileDirectory)\Source\I2cController.cpp">
      <Filter>Source Files</Filter>
    </ClCompile>
    <ClCompile Include="$(MSBuildThisFileDirectory)\Source\PCA9685Support.cpp">
      <Filter>Source Files</Filter>
    </ClCompile>
    <ClCompile Include="$(MSBuildThisFileDirectory)\Source\PCAL9535ASupport.cpp">
      <Filter>Source Files</Filter>
    </ClCompile>
    <ClCompile Include="$(MSBuildThisFileDirectory)\Source\CY8C9540ASupport.cpp">
      <Filter>Source Files</Filter>
    </ClCompile>
    <ClCompile Include="$(MSBuildThisFileDirectory)\Source\Spi.cpp">
      <Filter>Source Files</Filter>
    </ClCompile>
    <ClCompile Include="$(MSBuildThisFileDirectory)\Source\SpiController.cpp">
      <Filter>Source Files</Filter>
    </ClCompile>
    <ClCompile Include="$(MSBuildThisFileDirectory)\Source\WInterrupt.cpp">
      <Filter>Source Files</Filter>
    </ClCompile>
    <ClCompile Include="$(MSBuildThisFileDirectory)\Source\arduino.cpp">
      <Filter>Source Files</Filter>
    </ClCompile>
    <ClCompile Include="sensors\WheaterShield.cpp">
      <Filter>Source Files\sensors</Filter>
    </ClCompile>
  </ItemGroup>
  <ItemGroup>
    <None Include="packages.config" />
    <None Include="ConnectTheDotsGalileo.exe.config" />
    <None Include="..\Hardware.md">
      <Filter>Docs</Filter>
    </None>
    <None Include="..\Intel-Galileo-setup.md">
      <Filter>Docs</Filter>
    </None>
    <None Include="..\Libraries.md">
      <Filter>Docs</Filter>
    </None>
  </ItemGroup>
  <ItemGroup>
    <Text Include="..\..\..\notice.txt">
      <Filter>Docs</Filter>
    </Text>
  </ItemGroup>
</Project>