
Microsoft Visual Studio Solution File, Format Version 12.00
# Visual Studio 2013
VisualStudioVersion = 12.0.31101.0
MinimumVisualStudioVersion = 10.0.40219.1
Project("{FAE04EC0-301F-11D3-BF4B-00C04F79EFBC}") = "Microsoft.ConnectTheDots.CloudDeploy.AzurePrep", "AzurePrep\Microsoft.ConnectTheDots.CloudDeploy.AzurePrep.csproj", "{5A2497C7-09B1-4C66-9D45-7F68F4D7628F}"
EndProject
Project("{FAE04EC0-301F-11D3-BF4B-00C04F79EFBC}") = "Microsoft.ConnectTheDots.CloudDeploy.CreateWebConfig", "CreateWebConfig\Microsoft.ConnectTheDots.CloudDeploy.CreateWebConfig.csproj", "{AAAAA552-F973-4683-8CF9-8B719A69E49C}"
EndProject
Project("{FAE04EC0-301F-11D3-BF4B-00C04F79EFBC}") = "Microsoft.ConnectTheDots.CloudDeploy.Common", "Common\Microsoft.ConnectTheDots.CloudDeploy.Common.csproj", "{987E2AAB-AC91-4781-89B7-C1AD0AF01D8A}"
EndProject
Project("{FAE04EC0-301F-11D3-BF4B-00C04F79EFBC}") = "Microsoft.ConnectTheDots.CloudDeploy.ClearResources", "ClearResources\Microsoft.ConnectTheDots.CloudDeploy.ClearResources.csproj", "{6F6B589D-C822-40F3-9D66-3E0535ABDDFC}"
EndProject
Global
	GlobalSection(SolutionConfigurationPlatforms) = preSolution
		Debug|Any CPU = Debug|Any CPU
		Release|Any CPU = Release|Any CPU
	EndGlobalSection
	GlobalSection(ProjectConfigurationPlatforms) = postSolution
		{5A2497C7-09B1-4C66-9D45-7F68F4D7628F}.Debug|Any CPU.ActiveCfg = Debug|Any CPU
		{5A2497C7-09B1-4C66-9D45-7F68F4D7628F}.Debug|Any CPU.Build.0 = Debug|Any CPU
		{5A2497C7-09B1-4C66-9D45-7F68F4D7628F}.Release|Any CPU.ActiveCfg = Release|Any CPU
		{5A2497C7-09B1-4C66-9D45-7F68F4D7628F}.Release|Any CPU.Build.0 = Release|Any CPU
		{AAAAA552-F973-4683-8CF9-8B719A69E49C}.Debug|Any CPU.ActiveCfg = Debug|Any CPU
		{AAAAA552-F973-4683-8CF9-8B719A69E49C}.Debug|Any CPU.Build.0 = Debug|Any CPU
		{AAAAA552-F973-4683-8CF9-8B719A69E49C}.Release|Any CPU.ActiveCfg = Release|Any CPU
		{AAAAA552-F973-4683-8CF9-8B719A69E49C}.Release|Any CPU.Build.0 = Release|Any CPU
		{987E2AAB-AC91-4781-89B7-C1AD0AF01D8A}.Debug|Any CPU.ActiveCfg = Debug|Any CPU
		{987E2AAB-AC91-4781-89B7-C1AD0AF01D8A}.Debug|Any CPU.Build.0 = Debug|Any CPU
		{987E2AAB-AC91-4781-89B7-C1AD0AF01D8A}.Release|Any CPU.ActiveCfg = Release|Any CPU
		{987E2AAB-AC91-4781-89B7-C1AD0AF01D8A}.Release|Any CPU.Build.0 = Release|Any CPU
		{6F6B589D-C822-40F3-9D66-3E0535ABDDFC}.Debug|Any CPU.ActiveCfg = Debug|Any CPU
		{6F6B589D-C822-40F3-9D66-3E0535ABDDFC}.Debug|Any CPU.Build.0 = Debug|Any CPU
		{6F6B589D-C822-40F3-9D66-3E0535ABDDFC}.Release|Any CPU.ActiveCfg = Release|Any CPU
		{6F6B589D-C822-40F3-9D66-3E0535ABDDFC}.Release|Any CPU.Build.0 = Release|Any CPU
	EndGlobalSection
	GlobalSection(SolutionProperties) = preSolution
		HideSolutionNode = FALSE
	EndGlobalSection
EndGlobal
