
Microsoft Visual Studio Solution File, Format Version 12.00
# Visual Studio 2013
VisualStudioVersion = 12.0.40629.0
MinimumVisualStudioVersion = 10.0.40219.1
Project("{2150E333-8FDC-42A3-9474-1A3956D46DE8}") = "Azure", "Azure", "{44648E77-C39E-46C9-B9C2-B403F63AD23A}"
EndProject
Project("{2150E333-8FDC-42A3-9474-1A3956D46DE8}") = "CTD", "CTD", "{B635383F-586A-48D7-AC9D-529690DF88A0}"
EndProject
Project("{FAE04EC0-301F-11D3-BF4B-00C04F79EFBC}") = "WorkerHost", "WorkerHost\WorkerHost.csproj", "{25079398-1602-45EE-837C-D4195A1FBC27}"
EndProject
Project("{FAE04EC0-301F-11D3-BF4B-00C04F79EFBC}") = "Microsoft.ConnectTheDots.Gateway", "..\..\Devices\Gateways\GatewayService\Gateway\Microsoft.ConnectTheDots.Gateway.csproj", "{E14D1C61-1979-452E-BE8B-0303A95EF764}"
EndProject
Project("{FAE04EC0-301F-11D3-BF4B-00C04F79EFBC}") = "Microsoft.ConnectTheDots.Common", "..\..\Devices\Gateways\GatewayService\Common\Microsoft.ConnectTheDots.Common.csproj", "{96FEDA4B-C7E0-4DDB-AD3A-BFF2FD8D973D}"
EndProject
Project("{CC5FD16D-436D-48AD-A40C-5A424C6E3E79}") = "DeployWorker", "Deploy\DeployWorker\DeployWorker.ccproj", "{1F08E11E-7E5E-4452-B32B-5E0D7F62C334}"
EndProject
Project("{FAE04EC0-301F-11D3-BF4B-00C04F79EFBC}") = "ApiReaders", "ApiReaders\ApiReaders.csproj", "{88FC7CDD-ABD1-4531-BA53-4196B363CA66}"
EndProject
Global
	GlobalSection(SolutionConfigurationPlatforms) = preSolution
		Debug|Any CPU = Debug|Any CPU
		Debug|Mixed Platforms = Debug|Mixed Platforms
		Debug|Win32 = Debug|Win32
		Release|Any CPU = Release|Any CPU
		Release|Mixed Platforms = Release|Mixed Platforms
		Release|Win32 = Release|Win32
	EndGlobalSection
	GlobalSection(ProjectConfigurationPlatforms) = postSolution
		{25079398-1602-45EE-837C-D4195A1FBC27}.Debug|Any CPU.ActiveCfg = Debug|Any CPU
		{25079398-1602-45EE-837C-D4195A1FBC27}.Debug|Any CPU.Build.0 = Debug|Any CPU
		{25079398-1602-45EE-837C-D4195A1FBC27}.Debug|Mixed Platforms.ActiveCfg = Debug|Any CPU
		{25079398-1602-45EE-837C-D4195A1FBC27}.Debug|Mixed Platforms.Build.0 = Debug|Any CPU
		{25079398-1602-45EE-837C-D4195A1FBC27}.Debug|Win32.ActiveCfg = Debug|Any CPU
		{25079398-1602-45EE-837C-D4195A1FBC27}.Release|Any CPU.ActiveCfg = Release|Any CPU
		{25079398-1602-45EE-837C-D4195A1FBC27}.Release|Any CPU.Build.0 = Release|Any CPU
		{25079398-1602-45EE-837C-D4195A1FBC27}.Release|Mixed Platforms.ActiveCfg = Release|Any CPU
		{25079398-1602-45EE-837C-D4195A1FBC27}.Release|Mixed Platforms.Build.0 = Release|Any CPU
		{25079398-1602-45EE-837C-D4195A1FBC27}.Release|Win32.ActiveCfg = Release|Any CPU
		{E14D1C61-1979-452E-BE8B-0303A95EF764}.Debug|Any CPU.ActiveCfg = Debug|Any CPU
		{E14D1C61-1979-452E-BE8B-0303A95EF764}.Debug|Any CPU.Build.0 = Debug|Any CPU
		{E14D1C61-1979-452E-BE8B-0303A95EF764}.Debug|Mixed Platforms.ActiveCfg = Debug|Any CPU
		{E14D1C61-1979-452E-BE8B-0303A95EF764}.Debug|Mixed Platforms.Build.0 = Debug|Any CPU
		{E14D1C61-1979-452E-BE8B-0303A95EF764}.Debug|Win32.ActiveCfg = Debug|Any CPU
		{E14D1C61-1979-452E-BE8B-0303A95EF764}.Release|Any CPU.ActiveCfg = Release|Any CPU
		{E14D1C61-1979-452E-BE8B-0303A95EF764}.Release|Any CPU.Build.0 = Release|Any CPU
		{E14D1C61-1979-452E-BE8B-0303A95EF764}.Release|Mixed Platforms.ActiveCfg = Release|Any CPU
		{E14D1C61-1979-452E-BE8B-0303A95EF764}.Release|Mixed Platforms.Build.0 = Release|Any CPU
		{E14D1C61-1979-452E-BE8B-0303A95EF764}.Release|Win32.ActiveCfg = Release|Any CPU
		{96FEDA4B-C7E0-4DDB-AD3A-BFF2FD8D973D}.Debug|Any CPU.ActiveCfg = Debug|Any CPU
		{96FEDA4B-C7E0-4DDB-AD3A-BFF2FD8D973D}.Debug|Any CPU.Build.0 = Debug|Any CPU
		{96FEDA4B-C7E0-4DDB-AD3A-BFF2FD8D973D}.Debug|Mixed Platforms.ActiveCfg = Debug|Any CPU
		{96FEDA4B-C7E0-4DDB-AD3A-BFF2FD8D973D}.Debug|Mixed Platforms.Build.0 = Debug|Any CPU
		{96FEDA4B-C7E0-4DDB-AD3A-BFF2FD8D973D}.Debug|Win32.ActiveCfg = Debug|Any CPU
		{96FEDA4B-C7E0-4DDB-AD3A-BFF2FD8D973D}.Release|Any CPU.ActiveCfg = Release|Any CPU
		{96FEDA4B-C7E0-4DDB-AD3A-BFF2FD8D973D}.Release|Any CPU.Build.0 = Release|Any CPU
		{96FEDA4B-C7E0-4DDB-AD3A-BFF2FD8D973D}.Release|Mixed Platforms.ActiveCfg = Release|Any CPU
		{96FEDA4B-C7E0-4DDB-AD3A-BFF2FD8D973D}.Release|Mixed Platforms.Build.0 = Release|Any CPU
		{96FEDA4B-C7E0-4DDB-AD3A-BFF2FD8D973D}.Release|Win32.ActiveCfg = Release|Any CPU
		{1F08E11E-7E5E-4452-B32B-5E0D7F62C334}.Debug|Any CPU.ActiveCfg = Debug|Any CPU
		{1F08E11E-7E5E-4452-B32B-5E0D7F62C334}.Debug|Any CPU.Build.0 = Debug|Any CPU
		{1F08E11E-7E5E-4452-B32B-5E0D7F62C334}.Debug|Mixed Platforms.ActiveCfg = Debug|Any CPU
		{1F08E11E-7E5E-4452-B32B-5E0D7F62C334}.Debug|Mixed Platforms.Build.0 = Debug|Any CPU
		{1F08E11E-7E5E-4452-B32B-5E0D7F62C334}.Debug|Win32.ActiveCfg = Debug|Any CPU
		{1F08E11E-7E5E-4452-B32B-5E0D7F62C334}.Release|Any CPU.ActiveCfg = Release|Any CPU
		{1F08E11E-7E5E-4452-B32B-5E0D7F62C334}.Release|Any CPU.Build.0 = Release|Any CPU
		{1F08E11E-7E5E-4452-B32B-5E0D7F62C334}.Release|Mixed Platforms.ActiveCfg = Release|Any CPU
		{1F08E11E-7E5E-4452-B32B-5E0D7F62C334}.Release|Mixed Platforms.Build.0 = Release|Any CPU
		{1F08E11E-7E5E-4452-B32B-5E0D7F62C334}.Release|Win32.ActiveCfg = Release|Any CPU
		{88FC7CDD-ABD1-4531-BA53-4196B363CA66}.Debug|Any CPU.ActiveCfg = Debug|Any CPU
		{88FC7CDD-ABD1-4531-BA53-4196B363CA66}.Debug|Any CPU.Build.0 = Debug|Any CPU
		{88FC7CDD-ABD1-4531-BA53-4196B363CA66}.Debug|Mixed Platforms.ActiveCfg = Debug|Any CPU
		{88FC7CDD-ABD1-4531-BA53-4196B363CA66}.Debug|Mixed Platforms.Build.0 = Debug|Any CPU
		{88FC7CDD-ABD1-4531-BA53-4196B363CA66}.Debug|Win32.ActiveCfg = Debug|Any CPU
		{88FC7CDD-ABD1-4531-BA53-4196B363CA66}.Release|Any CPU.ActiveCfg = Release|Any CPU
		{88FC7CDD-ABD1-4531-BA53-4196B363CA66}.Release|Any CPU.Build.0 = Release|Any CPU
		{88FC7CDD-ABD1-4531-BA53-4196B363CA66}.Release|Mixed Platforms.ActiveCfg = Release|Any CPU
		{88FC7CDD-ABD1-4531-BA53-4196B363CA66}.Release|Mixed Platforms.Build.0 = Release|Any CPU
		{88FC7CDD-ABD1-4531-BA53-4196B363CA66}.Release|Win32.ActiveCfg = Release|Any CPU
	EndGlobalSection
	GlobalSection(SolutionProperties) = preSolution
		HideSolutionNode = FALSE
	EndGlobalSection
	GlobalSection(NestedProjects) = preSolution
		{E14D1C61-1979-452E-BE8B-0303A95EF764} = {B635383F-586A-48D7-AC9D-529690DF88A0}
		{96FEDA4B-C7E0-4DDB-AD3A-BFF2FD8D973D} = {B635383F-586A-48D7-AC9D-529690DF88A0}
		{1F08E11E-7E5E-4452-B32B-5E0D7F62C334} = {44648E77-C39E-46C9-B9C2-B403F63AD23A}
	EndGlobalSection
EndGlobal
